
Microsoft Visual Studio Solution File, Format Version 12.00
# Visual Studio Version 17
VisualStudioVersion = 17.4.33103.184
MinimumVisualStudioVersion = 10.0.40219.1
Project("{9A19103F-16F7-4668-BE54-9A1E7A4F7556}") = "DnsOverHttps", "DnsOverHttps\DnsOverHttps.csproj", "{2F451FDA-A97D-43E7-9CDF-C059ED41731D}"
EndProject
Project("{FAE04EC0-301F-11D3-BF4B-00C04F79EFBC}") = "Example", "Example\Example.csproj", "{5E47EEF8-5B54-4793-B0B8-30B5E15D463F}"
EndProject
Global
	GlobalSection(SolutionConfigurationPlatforms) = preSolution
		Debug|Any CPU = Debug|Any CPU
		Release|Any CPU = Release|Any CPU
	EndGlobalSection
	GlobalSection(ProjectConfigurationPlatforms) = postSolution
		{2F451FDA-A97D-43E7-9CDF-C059ED41731D}.Debug|Any CPU.ActiveCfg = Debug|Any CPU
		{2F451FDA-A97D-43E7-9CDF-C059ED41731D}.Debug|Any CPU.Build.0 = Debug|Any CPU
		{2F451FDA-A97D-43E7-9CDF-C059ED41731D}.Release|Any CPU.ActiveCfg = Release|Any CPU
		{2F451FDA-A97D-43E7-9CDF-C059ED41731D}.Release|Any CPU.Build.0 = Release|Any CPU
		{5E47EEF8-5B54-4793-B0B8-30B5E15D463F}.Debug|Any CPU.ActiveCfg = Debug|Any CPU
		{5E47EEF8-5B54-4793-B0B8-30B5E15D463F}.Debug|Any CPU.Build.0 = Debug|Any CPU
		{5E47EEF8-5B54-4793-B0B8-30B5E15D463F}.Release|Any CPU.ActiveCfg = Release|Any CPU
		{5E47EEF8-5B54-4793-B0B8-30B5E15D463F}.Release|Any CPU.Build.0 = Release|Any CPU
	EndGlobalSection
	GlobalSection(SolutionProperties) = preSolution
		HideSolutionNode = FALSE
	EndGlobalSection
	GlobalSection(ExtensibilityGlobals) = postSolution
		SolutionGuid = {BDE5E3B8-D31A-40DE-A694-2B1399AB69F0}
	EndGlobalSection
EndGlobal
